PODS:
  - ExytePopupView (1.1.6)
  - KeyboardAvoider (1.0.3)

DEPENDENCIES:
  - ExytePopupView
  - KeyboardAvoider

SPEC REPOS:
  trunk:
    - ExytePopupView
    - KeyboardAvoider

SPEC CHECKSUMS:
  ExytePopupView: da827797316240e93b67d7ca57b01bb693a28b01
  KeyboardAvoider: 9a53d579c0d656dcb81876ae8193ef320c70d994

PODFILE CHECKSUM: 769ac3f57ed51e6690b574f92dd8e38df26e08da

COCOAPODS: 1.11.3
