// !$*UTF8*$!
{
	archiveVersion = 1;
	classes = {
	};
	objectVersion = 55;
	objects = {

/* Begin PBXBuildFile section */
		5A516AE728D2B969007B2B2C /* IntroSignUp.swift in Sources */ = {isa = PBXBuildFile; fileRef = 5A516AE628D2B969007B2B2C /* IntroSignUp.swift */; };
		5A516AE928D2BFAC007B2B2C /* NavigationExtension.swift in Sources */ = {isa = PBXBuildFile; fileRef = 5A516AE828D2BFAC007B2B2C /* NavigationExtension.swift */; };
		5A516AEC28D2F733007B2B2C /* ToggleSexButton.swift in Sources */ = {isa = PBXBuildFile; fileRef = 5A516AEB28D2F733007B2B2C /* ToggleSexButton.swift */; };
		5A516AEE28D2FDA2007B2B2C /* ViewCornerExtension.swift in Sources */ = {isa = PBXBuildFile; fileRef = 5A516AED28D2FDA2007B2B2C /* ViewCornerExtension.swift */; };
		5A873DD328CC842000ADD147 /* YoramApp.swift in Sources */ = {isa = PBXBuildFile; fileRef = 5A873DD228CC842000ADD147 /* YoramApp.swift */; };
		5A873DD528CC842000ADD147 /* ContentView.swift in Sources */ = {isa = PBXBuildFile; fileRef = 5A873DD428CC842000ADD147 /* ContentView.swift */; };
		5A873DD728CC842300ADD147 /* Assets.xcassets in Resources */ = {isa = PBXBuildFile; fileRef = 5A873DD628CC842300ADD147 /* Assets.xcassets */; };
		5A873DDA28CC842300ADD147 /* Preview Assets.xcassets in Resources */ = {isa = PBXBuildFile; fileRef = 5A873DD928CC842300ADD147 /* Preview Assets.xcassets */; };
		5A873DE528CC86BE00ADD147 /* Home.swift in Sources */ = {isa = PBXBuildFile; fileRef = 5A873DE428CC86BE00ADD147 /* Home.swift */; };
		5A873DE828CC879400ADD147 /* TabBarView.swift in Sources */ = {isa = PBXBuildFile; fileRef = 5A873DE728CC879400ADD147 /* TabBarView.swift */; };
		5A873DF328CE386600ADD147 /* Pretendard-Light.otf in Resources */ = {isa = PBXBuildFile; fileRef = 5A873DEA28CE386500ADD147 /* Pretendard-Light.otf */; };
		5A873DF428CE386600ADD147 /* Pretendard-ExtraBold.otf in Resources */ = {isa = PBXBuildFile; fileRef = 5A873DEB28CE386500ADD147 /* Pretendard-ExtraBold.otf */; };
		5A873DF528CE386600ADD147 /* Pretendard-Bold.otf in Resources */ = {isa = PBXBuildFile; fileRef = 5A873DEC28CE386500ADD147 /* Pretendard-Bold.otf */; };
		5A873DF628CE386600ADD147 /* Pretendard-ExtraLight.otf in Resources */ = {isa = PBXBuildFile; fileRef = 5A873DED28CE386500ADD147 /* Pretendard-ExtraLight.otf */; };
		5A873DF728CE386600ADD147 /* Pretendard-Medium.otf in Resources */ = {isa = PBXBuildFile; fileRef = 5A873DEE28CE386500ADD147 /* Pretendard-Medium.otf */; };
		5A873DF828CE386600ADD147 /* Pretendard-Thin.otf in Resources */ = {isa = PBXBuildFile; fileRef = 5A873DEF28CE386600ADD147 /* Pretendard-Thin.otf */; };
		5A873DF928CE386600ADD147 /* Pretendard-Regular.otf in Resources */ = {isa = PBXBuildFile; fileRef = 5A873DF028CE386600ADD147 /* Pretendard-Regular.otf */; };
		5A873DFA28CE386600ADD147 /* Pretendard-Black.otf in Resources */ = {isa = PBXBuildFile; fileRef = 5A873DF128CE386600ADD147 /* Pretendard-Black.otf */; };
		5A873DFB28CE386600ADD147 /* Pretendard-SemiBold.otf in Resources */ = {isa = PBXBuildFile; fileRef = 5A873DF228CE386600ADD147 /* Pretendard-SemiBold.otf */; };
		5A873DFF28CE3B5B00ADD147 /* Intro.swift in Sources */ = {isa = PBXBuildFile; fileRef = 5A873DFE28CE3B5B00ADD147 /* Intro.swift */; };
		5A873E0128CE3DCB00ADD147 /* IntroMain.swift in Sources */ = {isa = PBXBuildFile; fileRef = 5A873E0028CE3DCB00ADD147 /* IntroMain.swift */; };
		5A873E0328CE445300ADD147 /* IntroLogin.swift in Sources */ = {isa = PBXBuildFile; fileRef = 5A873E0228CE445300ADD147 /* IntroLogin.swift */; };
		5A873E0828CE4A5D00ADD147 /* MyFloatingTextFieldStyle.swift in Sources */ = {isa = PBXBuildFile; fileRef = 5A873E0728CE4A5D00ADD147 /* MyFloatingTextFieldStyle.swift */; };
		5A873E0C28CE570600ADD147 /* IntroViewModel.swift in Sources */ = {isa = PBXBuildFile; fileRef = 5A873E0B28CE570600ADD147 /* IntroViewModel.swift */; };
		F795196C6225092679F5A9A5 /* Pods_Yoram.framework in Frameworks */ = {isa = PBXBuildFile; fileRef = CB191DE1A994B7C8921248B6 /* Pods_Yoram.framework */; };
/* End PBXBuildFile section */

/* Begin PBXFileReference section */
		3C319D9F113EAFBB5CEB0541 /* Pods-Yoram.debug.xcconfig */ = {isa = PBXFileReference; includeInIndex = 1; lastKnownFileType = text.xcconfig; name = "Pods-Yoram.debug.xcconfig"; path = "Target Support Files/Pods-Yoram/Pods-Yoram.debug.xcconfig"; sourceTree = "<group>"; };
		5A516AE628D2B969007B2B2C /* IntroSignUp.swift */ = {isa = PBXFileReference; lastKnownFileType = sourcecode.swift; path = IntroSignUp.swift; sourceTree = "<group>"; };
		5A516AE828D2BFAC007B2B2C /* NavigationExtension.swift */ = {isa = PBXFileReference; lastKnownFileType = sourcecode.swift; path = NavigationExtension.swift; sourceTree = "<group>"; };
		5A516AEB28D2F733007B2B2C /* ToggleSexButton.swift */ = {isa = PBXFileReference; lastKnownFileType = sourcecode.swift; path = ToggleSexButton.swift; sourceTree = "<group>"; };
		5A516AED28D2FDA2007B2B2C /* ViewCornerExtension.swift */ = {isa = PBXFileReference; lastKnownFileType = sourcecode.swift; path = ViewCornerExtension.swift; sourceTree = "<group>"; };
		5A873DCF28CC842000ADD147 /* Yoram.app */ = {isa = PBXFileReference; explicitFileType = wrapper.application; includeInIndex = 0; path = Yoram.app; sourceTree = BUILT_PRODUCTS_DIR; };
		5A873DD228CC842000ADD147 /* YoramApp.swift */ = {isa = PBXFileReference; lastKnownFileType = sourcecode.swift; path = YoramApp.swift; sourceTree = "<group>"; };
		5A873DD428CC842000ADD147 /* ContentView.swift */ = {isa = PBXFileReference; lastKnownFileType = sourcecode.swift; path = ContentView.swift; sourceTree = "<group>"; };
		5A873DD628CC842300ADD147 /* Assets.xcassets */ = {isa = PBXFileReference; lastKnownFileType = folder.assetcatalog; path = Assets.xcassets; sourceTree = "<group>"; };
		5A873DD928CC842300ADD147 /* Preview Assets.xcassets */ = {isa = PBXFileReference; lastKnownFileType = folder.assetcatalog; path = "Preview Assets.xcassets"; sourceTree = "<group>"; };
		5A873DE428CC86BE00ADD147 /* Home.swift */ = {isa = PBXFileReference; lastKnownFileType = sourcecode.swift; path = Home.swift; sourceTree = "<group>"; };
		5A873DE728CC879400ADD147 /* TabBarView.swift */ = {isa = PBXFileReference; lastKnownFileType = sourcecode.swift; path = TabBarView.swift; sourceTree = "<group>"; };
		5A873DEA28CE386500ADD147 /* Pretendard-Light.otf */ = {isa = PBXFileReference; lastKnownFileType = file; path = "Pretendard-Light.otf"; sourceTree = "<group>"; };
		5A873DEB28CE386500ADD147 /* Pretendard-ExtraBold.otf */ = {isa = PBXFileReference; lastKnownFileType = file; path = "Pretendard-ExtraBold.otf"; sourceTree = "<group>"; };
		5A873DEC28CE386500ADD147 /* Pretendard-Bold.otf */ = {isa = PBXFileReference; lastKnownFileType = file; path = "Pretendard-Bold.otf"; sourceTree = "<group>"; };
		5A873DED28CE386500ADD147 /* Pretendard-ExtraLight.otf */ = {isa = PBXFileReference; lastKnownFileType = file; path = "Pretendard-ExtraLight.otf"; sourceTree = "<group>"; };
		5A873DEE28CE386500ADD147 /* Pretendard-Medium.otf */ = {isa = PBXFileReference; lastKnownFileType = file; path = "Pretendard-Medium.otf"; sourceTree = "<group>"; };
		5A873DEF28CE386600ADD147 /* Pretendard-Thin.otf */ = {isa = PBXFileReference; lastKnownFileType = file; path = "Pretendard-Thin.otf"; sourceTree = "<group>"; };
		5A873DF028CE386600ADD147 /* Pretendard-Regular.otf */ = {isa = PBXFileReference; lastKnownFileType = file; path = "Pretendard-Regular.otf"; sourceTree = "<group>"; };
		5A873DF128CE386600ADD147 /* Pretendard-Black.otf */ = {isa = PBXFileReference; lastKnownFileType = file; path = "Pretendard-Black.otf"; sourceTree = "<group>"; };
		5A873DF228CE386600ADD147 /* Pretendard-SemiBold.otf */ = {isa = PBXFileReference; lastKnownFileType = file; path = "Pretendard-SemiBold.otf"; sourceTree = "<group>"; };
		5A873DFC28CE38BF00ADD147 /* Info.plist */ = {isa = PBXFileReference; lastKnownFileType = text.plist; path = Info.plist; sourceTree = "<group>"; };
		5A873DFE28CE3B5B00ADD147 /* Intro.swift */ = {isa = PBXFileReference; lastKnownFileType = sourcecode.swift; path = Intro.swift; sourceTree = "<group>"; };
		5A873E0028CE3DCB00ADD147 /* IntroMain.swift */ = {isa = PBXFileReference; lastKnownFileType = sourcecode.swift; path = IntroMain.swift; sourceTree = "<group>"; };
		5A873E0228CE445300ADD147 /* IntroLogin.swift */ = {isa = PBXFileReference; lastKnownFileType = sourcecode.swift; path = IntroLogin.swift; sourceTree = "<group>"; };
		5A873E0728CE4A5D00ADD147 /* MyFloatingTextFieldStyle.swift */ = {isa = PBXFileReference; lastKnownFileType = sourcecode.swift; path = MyFloatingTextFieldStyle.swift; sourceTree = "<group>"; };
		5A873E0B28CE570600ADD147 /* IntroViewModel.swift */ = {isa = PBXFileReference; lastKnownFileType = sourcecode.swift; path = IntroViewModel.swift; sourceTree = "<group>"; };
		CB191DE1A994B7C8921248B6 /* Pods_Yoram.framework */ = {isa = PBXFileReference; explicitFileType = wrapper.framework; includeInIndex = 0; path = Pods_Yoram.framework; sourceTree = BUILT_PRODUCTS_DIR; };
		DC913CF68A44D05E812986A3 /* Pods-Yoram.release.xcconfig */ = {isa = PBXFileReference; includeInIndex = 1; lastKnownFileType = text.xcconfig; name = "Pods-Yoram.release.xcconfig"; path = "Target Support Files/Pods-Yoram/Pods-Yoram.release.xcconfig"; sourceTree = "<group>"; };
/* End PBXFileReference section */

/* Begin PBXFrameworksBuildPhase section */
		5A873DCC28CC842000ADD147 /* Frameworks */ = {
			isa = PBXFrameworksBuildPhase;
			buildActionMask = 2147483647;
			files = (
				F795196C6225092679F5A9A5 /* Pods_Yoram.framework in Frameworks */,
			);
			runOnlyForDeploymentPostprocessing = 0;
		};
/* End PBXFrameworksBuildPhase section */

/* Begin PBXGroup section */
		0F89BFCD61960F8AEB22C079 /* Frameworks */ = {
			isa = PBXGroup;
			children = (
				CB191DE1A994B7C8921248B6 /* Pods_Yoram.framework */,
			);
			name = Frameworks;
			sourceTree = "<group>";
		};
		2CAED6991F08C18EA2C1804C /* Pods */ = {
			isa = PBXGroup;
			children = (
				3C319D9F113EAFBB5CEB0541 /* Pods-Yoram.debug.xcconfig */,
				DC913CF68A44D05E812986A3 /* Pods-Yoram.release.xcconfig */,
			);
			path = Pods;
			sourceTree = "<group>";
		};
		5A516AEA28D2F719007B2B2C /* ToggleSexButton */ = {
			isa = PBXGroup;
			children = (
				5A516AEB28D2F733007B2B2C /* ToggleSexButton.swift */,
			);
			path = ToggleSexButton;
			sourceTree = "<group>";
		};
		5A873DC628CC842000ADD147 = {
			isa = PBXGroup;
			children = (
				5A873DE228CC84E800ADD147 /* DataSource */,
				5A873DE128CC84DB00ADD147 /* Domain */,
				5A873DE028CC84B200ADD147 /* Presentation */,
				5A873DD128CC842000ADD147 /* Yoram */,
				5A873DD028CC842000ADD147 /* Products */,
				2CAED6991F08C18EA2C1804C /* Pods */,
				0F89BFCD61960F8AEB22C079 /* Frameworks */,
			);
			sourceTree = "<group>";
		};
		5A873DD028CC842000ADD147 /* Products */ = {
			isa = PBXGroup;
			children = (
				5A873DCF28CC842000ADD147 /* Yoram.app */,
			);
			name = Products;
			sourceTree = "<group>";
		};
		5A873DD128CC842000ADD147 /* Yoram */ = {
			isa = PBXGroup;
			children = (
				5A873DFC28CE38BF00ADD147 /* Info.plist */,
				5A873DE928CE383900ADD147 /* Fonts */,
				5A873DD228CC842000ADD147 /* YoramApp.swift */,
				5A873DD428CC842000ADD147 /* ContentView.swift */,
				5A873DD628CC842300ADD147 /* Assets.xcassets */,
				5A873DD828CC842300ADD147 /* Preview Content */,
			);
			path = Yoram;
			sourceTree = "<group>";
		};
		5A873DD828CC842300ADD147 /* Preview Content */ = {
			isa = PBXGroup;
			children = (
				5A873DD928CC842300ADD147 /* Preview Assets.xcassets */,
			);
			path = "Preview Content";
			sourceTree = "<group>";
		};
		5A873DE028CC84B200ADD147 /* Presentation */ = {
			isa = PBXGroup;
			children = (
				5A873E0428CE47AD00ADD147 /* MyView */,
				5A873DFD28CE3AF900ADD147 /* Intro */,
				5A873DE328CC868A00ADD147 /* Home */,
			);
			path = Presentation;
			sourceTree = "<group>";
		};
		5A873DE128CC84DB00ADD147 /* Domain */ = {
			isa = PBXGroup;
			children = (
			);
			path = Domain;
			sourceTree = "<group>";
		};
		5A873DE228CC84E800ADD147 /* DataSource */ = {
			isa = PBXGroup;
			children = (
			);
			path = DataSource;
			sourceTree = "<group>";
		};
		5A873DE328CC868A00ADD147 /* Home */ = {
			isa = PBXGroup;
			children = (
				5A873DE428CC86BE00ADD147 /* Home.swift */,
			);
			path = Home;
			sourceTree = "<group>";
		};
		5A873DE628CC877900ADD147 /* TabBar */ = {
			isa = PBXGroup;
			children = (
				5A873DE728CC879400ADD147 /* TabBarView.swift */,
			);
			path = TabBar;
			sourceTree = "<group>";
		};
		5A873DE928CE383900ADD147 /* Fonts */ = {
			isa = PBXGroup;
			children = (
				5A873DF128CE386600ADD147 /* Pretendard-Black.otf */,
				5A873DEC28CE386500ADD147 /* Pretendard-Bold.otf */,
				5A873DEB28CE386500ADD147 /* Pretendard-ExtraBold.otf */,
				5A873DED28CE386500ADD147 /* Pretendard-ExtraLight.otf */,
				5A873DEA28CE386500ADD147 /* Pretendard-Light.otf */,
				5A873DEE28CE386500ADD147 /* Pretendard-Medium.otf */,
				5A873DF028CE386600ADD147 /* Pretendard-Regular.otf */,
				5A873DF228CE386600ADD147 /* Pretendard-SemiBold.otf */,
				5A873DEF28CE386600ADD147 /* Pretendard-Thin.otf */,
			);
			path = Fonts;
			sourceTree = "<group>";
		};
		5A873DFD28CE3AF900ADD147 /* Intro */ = {
			isa = PBXGroup;
			children = (
				5A873DFE28CE3B5B00ADD147 /* Intro.swift */,
				5A873E0028CE3DCB00ADD147 /* IntroMain.swift */,
				5A873E0228CE445300ADD147 /* IntroLogin.swift */,
				5A873E0B28CE570600ADD147 /* IntroViewModel.swift */,
				5A516AE628D2B969007B2B2C /* IntroSignUp.swift */,
			);
			path = Intro;
			sourceTree = "<group>";
		};
		5A873E0428CE47AD00ADD147 /* MyView */ = {
			isa = PBXGroup;
			children = (
				5A516AEA28D2F719007B2B2C /* ToggleSexButton */,
				5A873DE628CC877900ADD147 /* TabBar */,
				5A873E0728CE4A5D00ADD147 /* MyFloatingTextFieldStyle.swift */,
				5A516AE828D2BFAC007B2B2C /* NavigationExtension.swift */,
				5A516AED28D2FDA2007B2B2C /* ViewCornerExtension.swift */,
			);
			path = MyView;
			sourceTree = "<group>";
		};
/* End PBXGroup section */

/* Begin PBXNativeTarget section */
		5A873DCE28CC842000ADD147 /* Yoram */ = {
			isa = PBXNativeTarget;
			buildConfigurationList = 5A873DDD28CC842300ADD147 /* Build configuration list for PBXNativeTarget "Yoram" */;
			buildPhases = (
				037CB295063341D13D133D43 /* [CP] Check Pods Manifest.lock */,
				5A873DCB28CC842000ADD147 /* Sources */,
				5A873DCC28CC842000ADD147 /* Frameworks */,
				5A873DCD28CC842000ADD147 /* Resources */,
				D05CD890BE07CBD74BB0AFCC /* [CP] Embed Pods Frameworks */,
			);
			buildRules = (
			);
			dependencies = (
			);
			name = Yoram;
			productName = Yoram;
			productReference = 5A873DCF28CC842000ADD147 /* Yoram.app */;
			productType = "com.apple.product-type.application";
		};
/* End PBXNativeTarget section */

/* Begin PBXProject section */
		5A873DC728CC842000ADD147 /* Project object */ = {
			isa = PBXProject;
			attributes = {
				BuildIndependentTargetsInParallel = 1;
				LastSwiftUpdateCheck = 1340;
				LastUpgradeCheck = 1340;
				TargetAttributes = {
					5A873DCE28CC842000ADD147 = {
						CreatedOnToolsVersion = 13.4.1;
					};
				};
			};
			buildConfigurationList = 5A873DCA28CC842000ADD147 /* Build configuration list for PBXProject "Yoram" */;
			compatibilityVersion = "Xcode 13.0";
			developmentRegion = en;
			hasScannedForEncodings = 0;
			knownRegions = (
				en,
				Base,
			);
			mainGroup = 5A873DC628CC842000ADD147;
			productRefGroup = 5A873DD028CC842000ADD147 /* Products */;
			projectDirPath = "";
			projectRoot = "";
			targets = (
				5A873DCE28CC842000ADD147 /* Yoram */,
			);
		};
/* End PBXProject section */

/* Begin PBXResourcesBuildPhase section */
		5A873DCD28CC842000ADD147 /* Resources */ = {
			isa = PBXResourcesBuildPhase;
			buildActionMask = 2147483647;
			files = (
				5A873DFB28CE386600ADD147 /* Pretendard-SemiBold.otf in Resources */,
				5A873DF728CE386600ADD147 /* Pretendard-Medium.otf in Resources */,
				5A873DF628CE386600ADD147 /* Pretendard-ExtraLight.otf in Resources */,
				5A873DDA28CC842300ADD147 /* Preview Assets.xcassets in Resources */,
				5A873DF828CE386600ADD147 /* Pretendard-Thin.otf in Resources */,
				5A873DFA28CE386600ADD147 /* Pretendard-Black.otf in Resources */,
				5A873DF928CE386600ADD147 /* Pretendard-Regular.otf in Resources */,
				5A873DF528CE386600ADD147 /* Pretendard-Bold.otf in Resources */,
				5A873DD728CC842300ADD147 /* Assets.xcassets in Resources */,
				5A873DF428CE386600ADD147 /* Pretendard-ExtraBold.otf in Resources */,
				5A873DF328CE386600ADD147 /* Pretendard-Light.otf in Resources */,
			);
			runOnlyForDeploymentPostprocessing = 0;
		};
/* End PBXResourcesBuildPhase section */

/* Begin PBXShellScriptBuildPhase section */
		037CB295063341D13D133D43 /* [CP] Check Pods Manifest.lock */ = {
			isa = PBXShellScriptBuildPhase;
			buildActionMask = 2147483647;
			files = (
			);
			inputFileListPaths = (
			);
			inputPaths = (
				"${PODS_PODFILE_DIR_PATH}/Podfile.lock",
				"${PODS_ROOT}/Manifest.lock",
			);
			name = "[CP] Check Pods Manifest.lock";
			outputFileListPaths = (
			);
			outputPaths = (
				"$(DERIVED_FILE_DIR)/Pods-Yoram-checkManifestLockResult.txt",
			);
			runOnlyForDeploymentPostprocessing = 0;
			shellPath = /bin/sh;
			shellScript = "diff \"${PODS_PODFILE_DIR_PATH}/Podfile.lock\" \"${PODS_ROOT}/Manifest.lock\" > /dev/null\nif [ $? != 0 ] ; then\n    # print error to STDERR\n    echo \"error: The sandbox is not in sync with the Podfile.lock. Run 'pod install' or update your CocoaPods installation.\" >&2\n    exit 1\nfi\n# This output is used by Xcode 'outputs' to avoid re-running this script phase.\necho \"SUCCESS\" > \"${SCRIPT_OUTPUT_FILE_0}\"\n";
			showEnvVarsInLog = 0;
		};
		D05CD890BE07CBD74BB0AFCC /* [CP] Embed Pods Frameworks */ = {
			isa = PBXShellScriptBuildPhase;
			buildActionMask = 2147483647;
			files = (
			);
			inputFileListPaths = (
				"${PODS_ROOT}/Target Support Files/Pods-Yoram/Pods-Yoram-frameworks-${CONFIGURATION}-input-files.xcfilelist",
			);
			name = "[CP] Embed Pods Frameworks";
			outputFileListPaths = (
				"${PODS_ROOT}/Target Support Files/Pods-Yoram/Pods-Yoram-frameworks-${CONFIGURATION}-output-files.xcfilelist",
			);
			runOnlyForDeploymentPostprocessing = 0;
			shellPath = /bin/sh;
			shellScript = "\"${PODS_ROOT}/Target Support Files/Pods-Yoram/Pods-Yoram-frameworks.sh\"\n";
			showEnvVarsInLog = 0;
		};
/* End PBXShellScriptBuildPhase section */

/* Begin PBXSourcesBuildPhase section */
		5A873DCB28CC842000ADD147 /* Sources */ = {
			isa = PBXSourcesBuildPhase;
			buildActionMask = 2147483647;
			files = (
				5A516AEE28D2FDA2007B2B2C /* ViewCornerExtension.swift in Sources */,
				5A873DFF28CE3B5B00ADD147 /* Intro.swift in Sources */,
				5A516AEC28D2F733007B2B2C /* ToggleSexButton.swift in Sources */,
				5A873E0128CE3DCB00ADD147 /* IntroMain.swift in Sources */,
				5A516AE728D2B969007B2B2C /* IntroSignUp.swift in Sources */,
				5A873E0828CE4A5D00ADD147 /* MyFloatingTextFieldStyle.swift in Sources */,
				5A516AE928D2BFAC007B2B2C /* NavigationExtension.swift in Sources */,
				5A873DD528CC842000ADD147 /* ContentView.swift in Sources */,
				5A873DE528CC86BE00ADD147 /* Home.swift in Sources */,
				5A873DE828CC879400ADD147 /* TabBarView.swift in Sources */,
				5A873E0328CE445300ADD147 /* IntroLogin.swift in Sources */,
				5A873E0C28CE570600ADD147 /* IntroViewModel.swift in Sources */,
				5A873DD328CC842000ADD147 /* YoramApp.swift in Sources */,
			);
			runOnlyForDeploymentPostprocessing = 0;
		};
/* End PBXSourcesBuildPhase section */

/* Begin XCBuildConfiguration section */
		5A873DDB28CC842300ADD147 /* Debug */ = {
			isa = XCBuildConfiguration;
			buildSettings = {
				ALWAYS_SEARCH_USER_PATHS = NO;
				CLANG_ANALYZER_NONNULL = YES;
				CLANG_ANALYZER_NUMBER_OBJECT_CONVERSION = YES_AGGRESSIVE;
				CLANG_CXX_LANGUAGE_STANDARD = "gnu++17";
				CLANG_ENABLE_MODULES = YES;
				CLANG_ENABLE_OBJC_ARC = YES;
				CLANG_ENABLE_OBJC_WEAK = YES;
				CLANG_WARN_BLOCK_CAPTURE_AUTORELEASING = YES;
				CLANG_WARN_BOOL_CONVERSION = YES;
				CLANG_WARN_COMMA = YES;
				CLANG_WARN_CONSTANT_CONVERSION = YES;
				CLANG_WARN_DEPRECATED_OBJC_IMPLEMENTATIONS = YES;
				CLANG_WARN_DIRECT_OBJC_ISA_USAGE = YES_ERROR;
				CLANG_WARN_DOCUMENTATION_COMMENTS = YES;
				CLANG_WARN_EMPTY_BODY = YES;
				CLANG_WARN_ENUM_CONVERSION = YES;
				CLANG_WARN_INFINITE_RECURSION = YES;
				CLANG_WARN_INT_CONVERSION = YES;
				CLANG_WARN_NON_LITERAL_NULL_CONVERSION = YES;
				CLANG_WARN_OBJC_IMPLICIT_RETAIN_SELF = YES;
				CLANG_WARN_OBJC_LITERAL_CONVERSION = YES;
				CLANG_WARN_OBJC_ROOT_CLASS = YES_ERROR;
				CLANG_WARN_QUOTED_INCLUDE_IN_FRAMEWORK_HEADER = YES;
				CLANG_WARN_RANGE_LOOP_ANALYSIS = YES;
				CLANG_WARN_STRICT_PROTOTYPES = YES;
				CLANG_WARN_SUSPICIOUS_MOVE = YES;
				CLANG_WARN_UNGUARDED_AVAILABILITY = YES_AGGRESSIVE;
				CLANG_WARN_UNREACHABLE_CODE = YES;
				CLANG_WARN__DUPLICATE_METHOD_MATCH = YES;
				COPY_PHASE_STRIP = NO;
				DEBUG_INFORMATION_FORMAT = dwarf;
				ENABLE_STRICT_OBJC_MSGSEND = YES;
				ENABLE_TESTABILITY = YES;
				GCC_C_LANGUAGE_STANDARD = gnu11;
				GCC_DYNAMIC_NO_PIC = NO;
				GCC_NO_COMMON_BLOCKS = YES;
				GCC_OPTIMIZATION_LEVEL = 0;
				GCC_PREPROCESSOR_DEFINITIONS = (
					"DEBUG=1",
					"$(inherited)",
				);
				GCC_WARN_64_TO_32_BIT_CONVERSION = YES;
				GCC_WARN_ABOUT_RETURN_TYPE = YES_ERROR;
				GCC_WARN_UNDECLARED_SELECTOR = YES;
				GCC_WARN_UNINITIALIZED_AUTOS = YES_AGGRESSIVE;
				GCC_WARN_UNUSED_FUNCTION = YES;
				GCC_WARN_UNUSED_VARIABLE = YES;
				IPHONEOS_DEPLOYMENT_TARGET = 15.5;
				MTL_ENABLE_DEBUG_INFO = INCLUDE_SOURCE;
				MTL_FAST_MATH = YES;
				ONLY_ACTIVE_ARCH = YES;
				SDKROOT = iphoneos;
				SWIFT_ACTIVE_COMPILATION_CONDITIONS = DEBUG;
				SWIFT_OPTIMIZATION_LEVEL = "-Onone";
			};
			name = Debug;
		};
		5A873DDC28CC842300ADD147 /* Release */ = {
			isa = XCBuildConfiguration;
			buildSettings = {
				ALWAYS_SEARCH_USER_PATHS = NO;
				CLANG_ANALYZER_NONNULL = YES;
				CLANG_ANALYZER_NUMBER_OBJECT_CONVERSION = YES_AGGRESSIVE;
				CLANG_CXX_LANGUAGE_STANDARD = "gnu++17";
				CLANG_ENABLE_MODULES = YES;
				CLANG_ENABLE_OBJC_ARC = YES;
				CLANG_ENABLE_OBJC_WEAK = YES;
				CLANG_WARN_BLOCK_CAPTURE_AUTORELEASING = YES;
				CLANG_WARN_BOOL_CONVERSION = YES;
				CLANG_WARN_COMMA = YES;
				CLANG_WARN_CONSTANT_CONVERSION = YES;
				CLANG_WARN_DEPRECATED_OBJC_IMPLEMENTATIONS = YES;
				CLANG_WARN_DIRECT_OBJC_ISA_USAGE = YES_ERROR;
				CLANG_WARN_DOCUMENTATION_COMMENTS = YES;
				CLANG_WARN_EMPTY_BODY = YES;
				CLANG_WARN_ENUM_CONVERSION = YES;
				CLANG_WARN_INFINITE_RECURSION = YES;
				CLANG_WARN_INT_CONVERSION = YES;
				CLANG_WARN_NON_LITERAL_NULL_CONVERSION = YES;
				CLANG_WARN_OBJC_IMPLICIT_RETAIN_SELF = YES;
				CLANG_WARN_OBJC_LITERAL_CONVERSION = YES;
				CLANG_WARN_OBJC_ROOT_CLASS = YES_ERROR;
				CLANG_WARN_QUOTED_INCLUDE_IN_FRAMEWORK_HEADER = YES;
				CLANG_WARN_RANGE_LOOP_ANALYSIS = YES;
				CLANG_WARN_STRICT_PROTOTYPES = YES;
				CLANG_WARN_SUSPICIOUS_MOVE = YES;
				CLANG_WARN_UNGUARDED_AVAILABILITY = YES_AGGRESSIVE;
				CLANG_WARN_UNREACHABLE_CODE = YES;
				CLANG_WARN__DUPLICATE_METHOD_MATCH = YES;
				COPY_PHASE_STRIP = NO;
				DEBUG_INFORMATION_FORMAT = "dwarf-with-dsym";
				ENABLE_NS_ASSERTIONS = NO;
				ENABLE_STRICT_OBJC_MSGSEND = YES;
				GCC_C_LANGUAGE_STANDARD = gnu11;
				GCC_NO_COMMON_BLOCKS = YES;
				GCC_WARN_64_TO_32_BIT_CONVERSION = YES;
				GCC_WARN_ABOUT_RETURN_TYPE = YES_ERROR;
				GCC_WARN_UNDECLARED_SELECTOR = YES;
				GCC_WARN_UNINITIALIZED_AUTOS = YES_AGGRESSIVE;
				GCC_WARN_UNUSED_FUNCTION = YES;
				GCC_WARN_UNUSED_VARIABLE = YES;
				IPHONEOS_DEPLOYMENT_TARGET = 15.5;
				MTL_ENABLE_DEBUG_INFO = NO;
				MTL_FAST_MATH = YES;
				SDKROOT = iphoneos;
				SWIFT_COMPILATION_MODE = wholemodule;
				SWIFT_OPTIMIZATION_LEVEL = "-O";
				VALIDATE_PRODUCT = YES;
			};
			name = Release;
		};
		5A873DDE28CC842300ADD147 /* Debug */ = {
			isa = XCBuildConfiguration;
			baseConfigurationReference = 3C319D9F113EAFBB5CEB0541 /* Pods-Yoram.debug.xcconfig */;
			buildSettings = {
				ASSETCATALOG_COMPILER_APPICON_NAME = AppIcon;
				ASSETCATALOG_COMPILER_GLOBAL_ACCENT_COLOR_NAME = AccentColor;
				CODE_SIGN_STYLE = Automatic;
				CURRENT_PROJECT_VERSION = 1;
				DEVELOPMENT_ASSET_PATHS = "\"Yoram/Preview Content\"";
				DEVELOPMENT_TEAM = RK4T596U74;
				ENABLE_PREVIEWS = YES;
				GENERATE_INFOPLIST_FILE = YES;
				INFOPLIST_FILE = Yoram/Info.plist;
				INFOPLIST_KEY_UIApplicationSceneManifest_Generation = YES;
				INFOPLIST_KEY_UIApplicationSupportsIndirectInputEvents = YES;
				INFOPLIST_KEY_UILaunchScreen_Generation = YES;
				INFOPLIST_KEY_UISupportedInterfaceOrientations_iPad = "UIInterfaceOrientationPortrait UIInterfaceOrientationPortraitUpsideDown UIInterfaceOrientationLandscapeLeft UIInterfaceOrientationLandscapeRight";
				INFOPLIST_KEY_UISupportedInterfaceOrientations_iPhone = "UIInterfaceOrientationPortrait UIInterfaceOrientationLandscapeLeft UIInterfaceOrientationLandscapeRight";
				IPHONEOS_DEPLOYMENT_TARGET = 14.0;
				LD_RUNPATH_SEARCH_PATHS = (
					"$(inherited)",
					"@executable_path/Frameworks",
				);
				MARKETING_VERSION = 1.0;
				PRODUCT_BUNDLE_IDENTIFIER = devsjk.Guseong.Yoram;
				PRODUCT_NAME = "$(TARGET_NAME)";
				SWIFT_EMIT_LOC_STRINGS = YES;
				SWIFT_VERSION = 5.0;
				TARGETED_DEVICE_FAMILY = "1,2";
			};
			name = Debug;
		};
		5A873DDF28CC842300ADD147 /* Release */ = {
			isa = XCBuildConfiguration;
			baseConfigurationReference = DC913CF68A44D05E812986A3 /* Pods-Yoram.release.xcconfig */;
			buildSettings = {
				ASSETCATALOG_COMPILER_APPICON_NAME = AppIcon;
				ASSETCATALOG_COMPILER_GLOBAL_ACCENT_COLOR_NAME = AccentColor;
				CODE_SIGN_STYLE = Automatic;
				CURRENT_PROJECT_VERSION = 1;
				DEVELOPMENT_ASSET_PATHS = "\"Yoram/Preview Content\"";
				DEVELOPMENT_TEAM = RK4T596U74;
				ENABLE_PREVIEWS = YES;
				GENERATE_INFOPLIST_FILE = YES;
				INFOPLIST_FILE = Yoram/Info.plist;
				INFOPLIST_KEY_UIApplicationSceneManifest_Generation = YES;
				INFOPLIST_KEY_UIApplicationSupportsIndirectInputEvents = YES;
				INFOPLIST_KEY_UILaunchScreen_Generation = YES;
				INFOPLIST_KEY_UISupportedInterfaceOrientations_iPad = "UIInterfaceOrientationPortrait UIInterfaceOrientationPortraitUpsideDown UIInterfaceOrientationLandscapeLeft UIInterfaceOrientationLandscapeRight";
				INFOPLIST_KEY_UISupportedInterfaceOrientations_iPhone = "UIInterfaceOrientationPortrait UIInterfaceOrientationLandscapeLeft UIInterfaceOrientationLandscapeRight";
				IPHONEOS_DEPLOYMENT_TARGET = 14.0;
				LD_RUNPATH_SEARCH_PATHS = (
					"$(inherited)",
					"@executable_path/Frameworks",
				);
				MARKETING_VERSION = 1.0;
				PRODUCT_BUNDLE_IDENTIFIER = devsjk.Guseong.Yoram;
				PRODUCT_NAME = "$(TARGET_NAME)";
				SWIFT_EMIT_LOC_STRINGS = YES;
				SWIFT_VERSION = 5.0;
				TARGETED_DEVICE_FAMILY = "1,2";
			};
			name = Release;
		};
/* End XCBuildConfiguration section */

/* Begin XCConfigurationList section */
		5A873DCA28CC842000ADD147 /* Build configuration list for PBXProject "Yoram" */ = {
			isa = XCConfigurationList;
			buildConfigurations = (
				5A873DDB28CC842300ADD147 /* Debug */,
				5A873DDC28CC842300ADD147 /* Release */,
			);
			defaultConfigurationIsVisible = 0;
			defaultConfigurationName = Release;
		};
		5A873DDD28CC842300ADD147 /* Build configuration list for PBXNativeTarget "Yoram" */ = {
			isa = XCConfigurationList;
			buildConfigurations = (
				5A873DDE28CC842300ADD147 /* Debug */,
				5A873DDF28CC842300ADD147 /* Release */,
			);
			defaultConfigurationIsVisible = 0;
			defaultConfigurationName = Release;
		};
/* End XCConfigurationList section */
	};
	rootObject = 5A873DC728CC842000ADD147 /* Project object */;
}
