// !$*UTF8*$!
{
	archiveVersion = 1;
	classes = {
	};
	objectVersion = 55;
	objects = {

/* Begin PBXBuildFile section */
		5A11966E28DC9FBF003FC967 /* MyToggleButton.swift in Sources */ = {isa = PBXBuildFile; fileRef = 5A11966D28DC9FBF003FC967 /* MyToggleButton.swift */; };
		5A11967028E03E85003FC967 /* MyTextInputField.swift in Sources */ = {isa = PBXBuildFile; fileRef = 5A11966F28E03E85003FC967 /* MyTextInputField.swift */; };
		5A36673328D8B066004198DB /* ViewExtension.swift in Sources */ = {isa = PBXBuildFile; fileRef = 5A36673228D8B066004198DB /* ViewExtension.swift */; };
		5A3CA818291F8ABF0026DE2E /* User.swift in Sources */ = {isa = PBXBuildFile; fileRef = 5A3CA817291F8ABF0026DE2E /* User.swift */; };
		5A516AE928D2BFAC007B2B2C /* NavigationExtension.swift in Sources */ = {isa = PBXBuildFile; fileRef = 5A516AE828D2BFAC007B2B2C /* NavigationExtension.swift */; };
		5A516AEC28D2F733007B2B2C /* ToggleSexButton.swift in Sources */ = {isa = PBXBuildFile; fileRef = 5A516AEB28D2F733007B2B2C /* ToggleSexButton.swift */; };
		5A516AEE28D2FDA2007B2B2C /* ViewCornerExtension.swift in Sources */ = {isa = PBXBuildFile; fileRef = 5A516AED28D2FDA2007B2B2C /* ViewCornerExtension.swift */; };
		5A72B8BC290FD37000206EBC /* FloatingLabelTextFieldSwiftUI in Frameworks */ = {isa = PBXBuildFile; productRef = 5A72B8BB290FD37000206EBC /* FloatingLabelTextFieldSwiftUI */; };
		5A72B8BF290FD3AE00206EBC /* Intro.swift in Sources */ = {isa = PBXBuildFile; fileRef = 5A72B8BE290FD3AE00206EBC /* Intro.swift */; };
		5A72B8C5290FDBD300206EBC /* IntroSignUp.swift in Sources */ = {isa = PBXBuildFile; fileRef = 5A72B8C4290FDBD300206EBC /* IntroSignUp.swift */; };
		5A72B8C92910FE7F00206EBC /* IntroMain.swift in Sources */ = {isa = PBXBuildFile; fileRef = 5A72B8C82910FE7F00206EBC /* IntroMain.swift */; };
		5A72B8CB2911014200206EBC /* IntroSignUpAdd.swift in Sources */ = {isa = PBXBuildFile; fileRef = 5A72B8CA2911014200206EBC /* IntroSignUpAdd.swift */; };
		5A72B8CD2911200E00206EBC /* KeyboardManagement.swift in Sources */ = {isa = PBXBuildFile; fileRef = 5A72B8CC2911200E00206EBC /* KeyboardManagement.swift */; };
		5A72B8CF29112E5B00206EBC /* IntroLogin.swift in Sources */ = {isa = PBXBuildFile; fileRef = 5A72B8CE29112E5B00206EBC /* IntroLogin.swift */; };
		5A72B8D229114E6F00206EBC /* Alamofire in Frameworks */ = {isa = PBXBuildFile; productRef = 5A72B8D129114E6F00206EBC /* Alamofire */; };
		5A72B8D529114F5300206EBC /* NewUser.swift in Sources */ = {isa = PBXBuildFile; fileRef = 5A72B8D429114F5300206EBC /* NewUser.swift */; };
		5A72B8DB291156CC00206EBC /* CombineMoya in Frameworks */ = {isa = PBXBuildFile; productRef = 5A72B8DA291156CC00206EBC /* CombineMoya */; };
		5A72B8DD291156CC00206EBC /* Moya in Frameworks */ = {isa = PBXBuildFile; productRef = 5A72B8DC291156CC00206EBC /* Moya */; };
		5A72B8DF291157B800206EBC /* UserAPI.swift in Sources */ = {isa = PBXBuildFile; fileRef = 5A72B8DE291157B800206EBC /* UserAPI.swift */; };
		5A72B8E12911580D00206EBC /* LoginCheck.swift in Sources */ = {isa = PBXBuildFile; fileRef = 5A72B8E02911580D00206EBC /* LoginCheck.swift */; };
		5A72B8E329115A8F00206EBC /* APIError.swift in Sources */ = {isa = PBXBuildFile; fileRef = 5A72B8E229115A8F00206EBC /* APIError.swift */; };
		5A72B8E629115BAB00206EBC /* Const.swift in Sources */ = {isa = PBXBuildFile; fileRef = 5A72B8E529115BAB00206EBC /* Const.swift */; };
		5A72B8E829115BBB00206EBC /* URL.swift in Sources */ = {isa = PBXBuildFile; fileRef = 5A72B8E729115BBB00206EBC /* URL.swift */; };
		5A72B8EB2911632600206EBC /* UserRepository.swift in Sources */ = {isa = PBXBuildFile; fileRef = 5A72B8EA2911632600206EBC /* UserRepository.swift */; };
		5A873DD328CC842000ADD147 /* YoramApp.swift in Sources */ = {isa = PBXBuildFile; fileRef = 5A873DD228CC842000ADD147 /* YoramApp.swift */; };
		5A873DD528CC842000ADD147 /* ContentView.swift in Sources */ = {isa = PBXBuildFile; fileRef = 5A873DD428CC842000ADD147 /* ContentView.swift */; };
		5A873DD728CC842300ADD147 /* Assets.xcassets in Resources */ = {isa = PBXBuildFile; fileRef = 5A873DD628CC842300ADD147 /* Assets.xcassets */; };
		5A873DDA28CC842300ADD147 /* Preview Assets.xcassets in Resources */ = {isa = PBXBuildFile; fileRef = 5A873DD928CC842300ADD147 /* Preview Assets.xcassets */; };
		5A873DE528CC86BE00ADD147 /* Home.swift in Sources */ = {isa = PBXBuildFile; fileRef = 5A873DE428CC86BE00ADD147 /* Home.swift */; };
		5A873DE828CC879400ADD147 /* TabBarView.swift in Sources */ = {isa = PBXBuildFile; fileRef = 5A873DE728CC879400ADD147 /* TabBarView.swift */; };
		5A873DF328CE386600ADD147 /* Pretendard-Light.otf in Resources */ = {isa = PBXBuildFile; fileRef = 5A873DEA28CE386500ADD147 /* Pretendard-Light.otf */; };
		5A873DF428CE386600ADD147 /* Pretendard-ExtraBold.otf in Resources */ = {isa = PBXBuildFile; fileRef = 5A873DEB28CE386500ADD147 /* Pretendard-ExtraBold.otf */; };
		5A873DF528CE386600ADD147 /* Pretendard-Bold.otf in Resources */ = {isa = PBXBuildFile; fileRef = 5A873DEC28CE386500ADD147 /* Pretendard-Bold.otf */; };
		5A873DF628CE386600ADD147 /* Pretendard-ExtraLight.otf in Resources */ = {isa = PBXBuildFile; fileRef = 5A873DED28CE386500ADD147 /* Pretendard-ExtraLight.otf */; };
		5A873DF728CE386600ADD147 /* Pretendard-Medium.otf in Resources */ = {isa = PBXBuildFile; fileRef = 5A873DEE28CE386500ADD147 /* Pretendard-Medium.otf */; };
		5A873DF828CE386600ADD147 /* Pretendard-Thin.otf in Resources */ = {isa = PBXBuildFile; fileRef = 5A873DEF28CE386600ADD147 /* Pretendard-Thin.otf */; };
		5A873DF928CE386600ADD147 /* Pretendard-Regular.otf in Resources */ = {isa = PBXBuildFile; fileRef = 5A873DF028CE386600ADD147 /* Pretendard-Regular.otf */; };
		5A873DFA28CE386600ADD147 /* Pretendard-Black.otf in Resources */ = {isa = PBXBuildFile; fileRef = 5A873DF128CE386600ADD147 /* Pretendard-Black.otf */; };
		5A873DFB28CE386600ADD147 /* Pretendard-SemiBold.otf in Resources */ = {isa = PBXBuildFile; fileRef = 5A873DF228CE386600ADD147 /* Pretendard-SemiBold.otf */; };
		5A873E0828CE4A5D00ADD147 /* MyFloatingTextFieldStyle.swift in Sources */ = {isa = PBXBuildFile; fileRef = 5A873E0728CE4A5D00ADD147 /* MyFloatingTextFieldStyle.swift */; };
		5A873E0C28CE570600ADD147 /* IntroViewModel.swift in Sources */ = {isa = PBXBuildFile; fileRef = 5A873E0B28CE570600ADD147 /* IntroViewModel.swift */; };
		5AAFDE2B292E101C00B5C952 /* Main.swift in Sources */ = {isa = PBXBuildFile; fileRef = 5AAFDE2A292E101C00B5C952 /* Main.swift */; };
		5AAFDE2D292E102D00B5C952 /* MainViewModel.swift in Sources */ = {isa = PBXBuildFile; fileRef = 5AAFDE2C292E102D00B5C952 /* MainViewModel.swift */; };
		5AAFDE2F292E112100B5C952 /* MyLoginData.swift in Sources */ = {isa = PBXBuildFile; fileRef = 5AAFDE2E292E112100B5C952 /* MyLoginData.swift */; };
		5AAFDE31292E120500B5C952 /* MainUseCase.swift in Sources */ = {isa = PBXBuildFile; fileRef = 5AAFDE30292E120500B5C952 /* MainUseCase.swift */; };
		5AAFDE33292E19C400B5C952 /* Department.swift in Sources */ = {isa = PBXBuildFile; fileRef = 5AAFDE32292E19C400B5C952 /* Department.swift */; };
		5AAFDE35292E19CD00B5C952 /* ID.swift in Sources */ = {isa = PBXBuildFile; fileRef = 5AAFDE34292E19CD00B5C952 /* ID.swift */; };
		5AAFDE37292E19D400B5C952 /* Board.swift in Sources */ = {isa = PBXBuildFile; fileRef = 5AAFDE36292E19D400B5C952 /* Board.swift */; };
		5AAFDE39292E19DC00B5C952 /* My.swift in Sources */ = {isa = PBXBuildFile; fileRef = 5AAFDE38292E19DC00B5C952 /* My.swift */; };
		5AD8C878291E37D300704A15 /* iPhoneNumberField in Frameworks */ = {isa = PBXBuildFile; productRef = 5AD8C877291E37D300704A15 /* iPhoneNumberField */; };
		5AD8C87A291E3C7000704A15 /* MyPhoneNumberInputField.swift in Sources */ = {isa = PBXBuildFile; fileRef = 5AD8C879291E3C7000704A15 /* MyPhoneNumberInputField.swift */; };
		5AD8C87C291E4DD900704A15 /* AddressSearch.swift in Sources */ = {isa = PBXBuildFile; fileRef = 5AD8C87B291E4DD900704A15 /* AddressSearch.swift */; };
		5AD8C87E291E56F600704A15 /* Address.swift in Sources */ = {isa = PBXBuildFile; fileRef = 5AD8C87D291E56F600704A15 /* Address.swift */; };
		5AD8C880291E57D900704A15 /* ServerAPI.swift in Sources */ = {isa = PBXBuildFile; fileRef = 5AD8C87F291E57D900704A15 /* ServerAPI.swift */; };
		5AD8C882291E5A5200704A15 /* ServerRepository.swift in Sources */ = {isa = PBXBuildFile; fileRef = 5AD8C881291E5A5200704A15 /* ServerRepository.swift */; };
		5AD8C885291EBA6500704A15 /* IntroUseCase.swift in Sources */ = {isa = PBXBuildFile; fileRef = 5AD8C884291EBA6500704A15 /* IntroUseCase.swift */; };
		5AD8C887291ED57300704A15 /* APIRequest.swift in Sources */ = {isa = PBXBuildFile; fileRef = 5AD8C886291ED57300704A15 /* APIRequest.swift */; };
		F795196C6225092679F5A9A5 /* Pods_Yoram.framework in Frameworks */ = {isa = PBXBuildFile; fileRef = CB191DE1A994B7C8921248B6 /* Pods_Yoram.framework */; };
/* End PBXBuildFile section */

/* Begin PBXFileReference section */
		3C319D9F113EAFBB5CEB0541 /* Pods-Yoram.debug.xcconfig */ = {isa = PBXFileReference; includeInIndex = 1; lastKnownFileType = text.xcconfig; name = "Pods-Yoram.debug.xcconfig"; path = "Target Support Files/Pods-Yoram/Pods-Yoram.debug.xcconfig"; sourceTree = "<group>"; };
		5A11966D28DC9FBF003FC967 /* MyToggleButton.swift */ = {isa = PBXFileReference; lastKnownFileType = sourcecode.swift; path = MyToggleButton.swift; sourceTree = "<group>"; };
		5A11966F28E03E85003FC967 /* MyTextInputField.swift */ = {isa = PBXFileReference; lastKnownFileType = sourcecode.swift; path = MyTextInputField.swift; sourceTree = "<group>"; };
		5A36673228D8B066004198DB /* ViewExtension.swift */ = {isa = PBXFileReference; lastKnownFileType = sourcecode.swift; path = ViewExtension.swift; sourceTree = "<group>"; };
		5A3CA817291F8ABF0026DE2E /* User.swift */ = {isa = PBXFileReference; lastKnownFileType = sourcecode.swift; path = User.swift; sourceTree = "<group>"; };
		5A516AE828D2BFAC007B2B2C /* NavigationExtension.swift */ = {isa = PBXFileReference; lastKnownFileType = sourcecode.swift; path = NavigationExtension.swift; sourceTree = "<group>"; };
		5A516AEB28D2F733007B2B2C /* ToggleSexButton.swift */ = {isa = PBXFileReference; lastKnownFileType = sourcecode.swift; path = ToggleSexButton.swift; sourceTree = "<group>"; };
		5A516AED28D2FDA2007B2B2C /* ViewCornerExtension.swift */ = {isa = PBXFileReference; lastKnownFileType = sourcecode.swift; path = ViewCornerExtension.swift; sourceTree = "<group>"; };
		5A72B8BE290FD3AE00206EBC /* Intro.swift */ = {isa = PBXFileReference; lastKnownFileType = sourcecode.swift; path = Intro.swift; sourceTree = "<group>"; };
		5A72B8C4290FDBD300206EBC /* IntroSignUp.swift */ = {isa = PBXFileReference; lastKnownFileType = sourcecode.swift; path = IntroSignUp.swift; sourceTree = "<group>"; };
		5A72B8C82910FE7F00206EBC /* IntroMain.swift */ = {isa = PBXFileReference; lastKnownFileType = sourcecode.swift; path = IntroMain.swift; sourceTree = "<group>"; };
		5A72B8CA2911014200206EBC /* IntroSignUpAdd.swift */ = {isa = PBXFileReference; lastKnownFileType = sourcecode.swift; path = IntroSignUpAdd.swift; sourceTree = "<group>"; };
		5A72B8CC2911200E00206EBC /* KeyboardManagement.swift */ = {isa = PBXFileReference; lastKnownFileType = sourcecode.swift; path = KeyboardManagement.swift; sourceTree = "<group>"; };
		5A72B8CE29112E5B00206EBC /* IntroLogin.swift */ = {isa = PBXFileReference; lastKnownFileType = sourcecode.swift; path = IntroLogin.swift; sourceTree = "<group>"; };
		5A72B8D429114F5300206EBC /* NewUser.swift */ = {isa = PBXFileReference; lastKnownFileType = sourcecode.swift; path = NewUser.swift; sourceTree = "<group>"; };
		5A72B8DE291157B800206EBC /* UserAPI.swift */ = {isa = PBXFileReference; lastKnownFileType = sourcecode.swift; path = UserAPI.swift; sourceTree = "<group>"; };
		5A72B8E02911580D00206EBC /* LoginCheck.swift */ = {isa = PBXFileReference; lastKnownFileType = sourcecode.swift; path = LoginCheck.swift; sourceTree = "<group>"; };
		5A72B8E229115A8F00206EBC /* APIError.swift */ = {isa = PBXFileReference; lastKnownFileType = sourcecode.swift; path = APIError.swift; sourceTree = "<group>"; };
		5A72B8E529115BAB00206EBC /* Const.swift */ = {isa = PBXFileReference; lastKnownFileType = sourcecode.swift; path = Const.swift; sourceTree = "<group>"; };
		5A72B8E729115BBB00206EBC /* URL.swift */ = {isa = PBXFileReference; lastKnownFileType = sourcecode.swift; path = URL.swift; sourceTree = "<group>"; };
		5A72B8EA2911632600206EBC /* UserRepository.swift */ = {isa = PBXFileReference; lastKnownFileType = sourcecode.swift; path = UserRepository.swift; sourceTree = "<group>"; };
		5A873DCF28CC842000ADD147 /* Yoram.app */ = {isa = PBXFileReference; explicitFileType = wrapper.application; includeInIndex = 0; path = Yoram.app; sourceTree = BUILT_PRODUCTS_DIR; };
		5A873DD228CC842000ADD147 /* YoramApp.swift */ = {isa = PBXFileReference; lastKnownFileType = sourcecode.swift; path = YoramApp.swift; sourceTree = "<group>"; };
		5A873DD428CC842000ADD147 /* ContentView.swift */ = {isa = PBXFileReference; lastKnownFileType = sourcecode.swift; path = ContentView.swift; sourceTree = "<group>"; };
		5A873DD628CC842300ADD147 /* Assets.xcassets */ = {isa = PBXFileReference; lastKnownFileType = folder.assetcatalog; path = Assets.xcassets; sourceTree = "<group>"; };
		5A873DD928CC842300ADD147 /* Preview Assets.xcassets */ = {isa = PBXFileReference; lastKnownFileType = folder.assetcatalog; path = "Preview Assets.xcassets"; sourceTree = "<group>"; };
		5A873DE428CC86BE00ADD147 /* Home.swift */ = {isa = PBXFileReference; lastKnownFileType = sourcecode.swift; path = Home.swift; sourceTree = "<group>"; };
		5A873DE728CC879400ADD147 /* TabBarView.swift */ = {isa = PBXFileReference; lastKnownFileType = sourcecode.swift; path = TabBarView.swift; sourceTree = "<group>"; };
		5A873DEA28CE386500ADD147 /* Pretendard-Light.otf */ = {isa = PBXFileReference; lastKnownFileType = file; path = "Pretendard-Light.otf"; sourceTree = "<group>"; };
		5A873DEB28CE386500ADD147 /* Pretendard-ExtraBold.otf */ = {isa = PBXFileReference; lastKnownFileType = file; path = "Pretendard-ExtraBold.otf"; sourceTree = "<group>"; };
		5A873DEC28CE386500ADD147 /* Pretendard-Bold.otf */ = {isa = PBXFileReference; lastKnownFileType = file; path = "Pretendard-Bold.otf"; sourceTree = "<group>"; };
		5A873DED28CE386500ADD147 /* Pretendard-ExtraLight.otf */ = {isa = PBXFileReference; lastKnownFileType = file; path = "Pretendard-ExtraLight.otf"; sourceTree = "<group>"; };
		5A873DEE28CE386500ADD147 /* Pretendard-Medium.otf */ = {isa = PBXFileReference; lastKnownFileType = file; path = "Pretendard-Medium.otf"; sourceTree = "<group>"; };
		5A873DEF28CE386600ADD147 /* Pretendard-Thin.otf */ = {isa = PBXFileReference; lastKnownFileType = file; path = "Pretendard-Thin.otf"; sourceTree = "<group>"; };
		5A873DF028CE386600ADD147 /* Pretendard-Regular.otf */ = {isa = PBXFileReference; lastKnownFileType = file; path = "Pretendard-Regular.otf"; sourceTree = "<group>"; };
		5A873DF128CE386600ADD147 /* Pretendard-Black.otf */ = {isa = PBXFileReference; lastKnownFileType = file; path = "Pretendard-Black.otf"; sourceTree = "<group>"; };
		5A873DF228CE386600ADD147 /* Pretendard-SemiBold.otf */ = {isa = PBXFileReference; lastKnownFileType = file; path = "Pretendard-SemiBold.otf"; sourceTree = "<group>"; };
		5A873DFC28CE38BF00ADD147 /* Info.plist */ = {isa = PBXFileReference; lastKnownFileType = text.plist; path = Info.plist; sourceTree = "<group>"; };
		5A873E0728CE4A5D00ADD147 /* MyFloatingTextFieldStyle.swift */ = {isa = PBXFileReference; lastKnownFileType = sourcecode.swift; path = MyFloatingTextFieldStyle.swift; sourceTree = "<group>"; };
		5A873E0B28CE570600ADD147 /* IntroViewModel.swift */ = {isa = PBXFileReference; lastKnownFileType = sourcecode.swift; path = IntroViewModel.swift; sourceTree = "<group>"; };
		5AAFDE2A292E101C00B5C952 /* Main.swift */ = {isa = PBXFileReference; lastKnownFileType = sourcecode.swift; path = Main.swift; sourceTree = "<group>"; };
		5AAFDE2C292E102D00B5C952 /* MainViewModel.swift */ = {isa = PBXFileReference; lastKnownFileType = sourcecode.swift; path = MainViewModel.swift; sourceTree = "<group>"; };
		5AAFDE2E292E112100B5C952 /* MyLoginData.swift */ = {isa = PBXFileReference; lastKnownFileType = sourcecode.swift; path = MyLoginData.swift; sourceTree = "<group>"; };
		5AAFDE30292E120500B5C952 /* MainUseCase.swift */ = {isa = PBXFileReference; lastKnownFileType = sourcecode.swift; path = MainUseCase.swift; sourceTree = "<group>"; };
		5AAFDE32292E19C400B5C952 /* Department.swift */ = {isa = PBXFileReference; lastKnownFileType = sourcecode.swift; path = Department.swift; sourceTree = "<group>"; };
		5AAFDE34292E19CD00B5C952 /* ID.swift */ = {isa = PBXFileReference; lastKnownFileType = sourcecode.swift; path = ID.swift; sourceTree = "<group>"; };
		5AAFDE36292E19D400B5C952 /* Board.swift */ = {isa = PBXFileReference; lastKnownFileType = sourcecode.swift; path = Board.swift; sourceTree = "<group>"; };
		5AAFDE38292E19DC00B5C952 /* My.swift */ = {isa = PBXFileReference; lastKnownFileType = sourcecode.swift; path = My.swift; sourceTree = "<group>"; };
		5AD8C879291E3C7000704A15 /* MyPhoneNumberInputField.swift */ = {isa = PBXFileReference; lastKnownFileType = sourcecode.swift; path = MyPhoneNumberInputField.swift; sourceTree = "<group>"; };
		5AD8C87B291E4DD900704A15 /* AddressSearch.swift */ = {isa = PBXFileReference; lastKnownFileType = sourcecode.swift; path = AddressSearch.swift; sourceTree = "<group>"; };
		5AD8C87D291E56F600704A15 /* Address.swift */ = {isa = PBXFileReference; lastKnownFileType = sourcecode.swift; path = Address.swift; sourceTree = "<group>"; };
		5AD8C87F291E57D900704A15 /* ServerAPI.swift */ = {isa = PBXFileReference; lastKnownFileType = sourcecode.swift; path = ServerAPI.swift; sourceTree = "<group>"; };
		5AD8C881291E5A5200704A15 /* ServerRepository.swift */ = {isa = PBXFileReference; lastKnownFileType = sourcecode.swift; path = ServerRepository.swift; sourceTree = "<group>"; };
		5AD8C884291EBA6500704A15 /* IntroUseCase.swift */ = {isa = PBXFileReference; lastKnownFileType = sourcecode.swift; path = IntroUseCase.swift; sourceTree = "<group>"; };
		5AD8C886291ED57300704A15 /* APIRequest.swift */ = {isa = PBXFileReference; lastKnownFileType = sourcecode.swift; path = APIRequest.swift; sourceTree = "<group>"; };
		CB191DE1A994B7C8921248B6 /* Pods_Yoram.framework */ = {isa = PBXFileReference; explicitFileType = wrapper.framework; includeInIndex = 0; path = Pods_Yoram.framework; sourceTree = BUILT_PRODUCTS_DIR; };
		DC913CF68A44D05E812986A3 /* Pods-Yoram.release.xcconfig */ = {isa = PBXFileReference; includeInIndex = 1; lastKnownFileType = text.xcconfig; name = "Pods-Yoram.release.xcconfig"; path = "Target Support Files/Pods-Yoram/Pods-Yoram.release.xcconfig"; sourceTree = "<group>"; };
/* End PBXFileReference section */

/* Begin PBXFrameworksBuildPhase section */
		5A873DCC28CC842000ADD147 /* Frameworks */ = {
			isa = PBXFrameworksBuildPhase;
			buildActionMask = 2147483647;
			files = (
				5A72B8D229114E6F00206EBC /* Alamofire in Frameworks */,
				F795196C6225092679F5A9A5 /* Pods_Yoram.framework in Frameworks */,
				5A72B8DB291156CC00206EBC /* CombineMoya in Frameworks */,
				5A72B8DD291156CC00206EBC /* Moya in Frameworks */,
				5A72B8BC290FD37000206EBC /* FloatingLabelTextFieldSwiftUI in Frameworks */,
				5AD8C878291E37D300704A15 /* iPhoneNumberField in Frameworks */,
			);
			runOnlyForDeploymentPostprocessing = 0;
		};
/* End PBXFrameworksBuildPhase section */

/* Begin PBXGroup section */
		0F89BFCD61960F8AEB22C079 /* Frameworks */ = {
			isa = PBXGroup;
			children = (
				CB191DE1A994B7C8921248B6 /* Pods_Yoram.framework */,
			);
			name = Frameworks;
			sourceTree = "<group>";
		};
		2CAED6991F08C18EA2C1804C /* Pods */ = {
			isa = PBXGroup;
			children = (
				3C319D9F113EAFBB5CEB0541 /* Pods-Yoram.debug.xcconfig */,
				DC913CF68A44D05E812986A3 /* Pods-Yoram.release.xcconfig */,
			);
			path = Pods;
			sourceTree = "<group>";
		};
		5A516AEA28D2F719007B2B2C /* ToggleSexButton */ = {
			isa = PBXGroup;
			children = (
				5A516AEB28D2F733007B2B2C /* ToggleSexButton.swift */,
			);
			path = ToggleSexButton;
			sourceTree = "<group>";
		};
		5A72B8D329114EE100206EBC /* Model */ = {
			isa = PBXGroup;
			children = (
				5A72B8D429114F5300206EBC /* NewUser.swift */,
				5A72B8E02911580D00206EBC /* LoginCheck.swift */,
				5AD8C87D291E56F600704A15 /* Address.swift */,
				5A3CA817291F8ABF0026DE2E /* User.swift */,
				5AAFDE2E292E112100B5C952 /* MyLoginData.swift */,
			);
			path = Model;
			sourceTree = "<group>";
		};
		5A72B8D62911523500206EBC /* API */ = {
			isa = PBXGroup;
			children = (
				5A72B8DE291157B800206EBC /* UserAPI.swift */,
				5A72B8E229115A8F00206EBC /* APIError.swift */,
				5AD8C87F291E57D900704A15 /* ServerAPI.swift */,
				5AD8C886291ED57300704A15 /* APIRequest.swift */,
			);
			path = API;
			sourceTree = "<group>";
		};
		5A72B8E429115B9300206EBC /* Resources */ = {
			isa = PBXGroup;
			children = (
				5A72B8E529115BAB00206EBC /* Const.swift */,
				5A72B8E729115BBB00206EBC /* URL.swift */,
			);
			path = Resources;
			sourceTree = "<group>";
		};
		5A72B8E92911630F00206EBC /* Repository */ = {
			isa = PBXGroup;
			children = (
				5A72B8EA2911632600206EBC /* UserRepository.swift */,
				5AD8C881291E5A5200704A15 /* ServerRepository.swift */,
			);
			path = Repository;
			sourceTree = "<group>";
		};
		5A873DC628CC842000ADD147 = {
			isa = PBXGroup;
			children = (
				5A873DE228CC84E800ADD147 /* DataSource */,
				5A873DE128CC84DB00ADD147 /* Domain */,
				5A873DE028CC84B200ADD147 /* Presentation */,
				5A873DD128CC842000ADD147 /* Yoram */,
				5A873DD028CC842000ADD147 /* Products */,
				2CAED6991F08C18EA2C1804C /* Pods */,
				0F89BFCD61960F8AEB22C079 /* Frameworks */,
			);
			sourceTree = "<group>";
		};
		5A873DD028CC842000ADD147 /* Products */ = {
			isa = PBXGroup;
			children = (
				5A873DCF28CC842000ADD147 /* Yoram.app */,
			);
			name = Products;
			sourceTree = "<group>";
		};
		5A873DD128CC842000ADD147 /* Yoram */ = {
			isa = PBXGroup;
			children = (
				5A72B8E429115B9300206EBC /* Resources */,
				5A873DFC28CE38BF00ADD147 /* Info.plist */,
				5A873DE928CE383900ADD147 /* Fonts */,
				5A873DD228CC842000ADD147 /* YoramApp.swift */,
				5A873DD428CC842000ADD147 /* ContentView.swift */,
				5A873DD628CC842300ADD147 /* Assets.xcassets */,
				5A873DD828CC842300ADD147 /* Preview Content */,
			);
			path = Yoram;
			sourceTree = "<group>";
		};
		5A873DD828CC842300ADD147 /* Preview Content */ = {
			isa = PBXGroup;
			children = (
				5A873DD928CC842300ADD147 /* Preview Assets.xcassets */,
			);
			path = "Preview Content";
			sourceTree = "<group>";
		};
		5A873DE028CC84B200ADD147 /* Presentation */ = {
			isa = PBXGroup;
			children = (
				5A873E0428CE47AD00ADD147 /* MyView */,
				5A873DFD28CE3AF900ADD147 /* Intro */,
				5A873DE328CC868A00ADD147 /* Main */,
			);
			path = Presentation;
			sourceTree = "<group>";
		};
		5A873DE128CC84DB00ADD147 /* Domain */ = {
			isa = PBXGroup;
			children = (
				5AD8C883291EBA4F00704A15 /* UseCase */,
			);
			path = Domain;
			sourceTree = "<group>";
		};
		5A873DE228CC84E800ADD147 /* DataSource */ = {
			isa = PBXGroup;
			children = (
				5A72B8E92911630F00206EBC /* Repository */,
				5A72B8D62911523500206EBC /* API */,
				5A72B8D329114EE100206EBC /* Model */,
			);
			path = DataSource;
			sourceTree = "<group>";
		};
		5A873DE328CC868A00ADD147 /* Main */ = {
			isa = PBXGroup;
			children = (
				5A873DE428CC86BE00ADD147 /* Home.swift */,
				5AAFDE32292E19C400B5C952 /* Department.swift */,
				5AAFDE36292E19D400B5C952 /* Board.swift */,
				5AAFDE38292E19DC00B5C952 /* My.swift */,
				5AAFDE34292E19CD00B5C952 /* ID.swift */,
				5AAFDE2A292E101C00B5C952 /* Main.swift */,
				5AAFDE2C292E102D00B5C952 /* MainViewModel.swift */,
			);
			path = Main;
			sourceTree = "<group>";
		};
		5A873DE628CC877900ADD147 /* TabBar */ = {
			isa = PBXGroup;
			children = (
				5A873DE728CC879400ADD147 /* TabBarView.swift */,
			);
			path = TabBar;
			sourceTree = "<group>";
		};
		5A873DE928CE383900ADD147 /* Fonts */ = {
			isa = PBXGroup;
			children = (
				5A873DF128CE386600ADD147 /* Pretendard-Black.otf */,
				5A873DEC28CE386500ADD147 /* Pretendard-Bold.otf */,
				5A873DEB28CE386500ADD147 /* Pretendard-ExtraBold.otf */,
				5A873DED28CE386500ADD147 /* Pretendard-ExtraLight.otf */,
				5A873DEA28CE386500ADD147 /* Pretendard-Light.otf */,
				5A873DEE28CE386500ADD147 /* Pretendard-Medium.otf */,
				5A873DF028CE386600ADD147 /* Pretendard-Regular.otf */,
				5A873DF228CE386600ADD147 /* Pretendard-SemiBold.otf */,
				5A873DEF28CE386600ADD147 /* Pretendard-Thin.otf */,
			);
			path = Fonts;
			sourceTree = "<group>";
		};
		5A873DFD28CE3AF900ADD147 /* Intro */ = {
			isa = PBXGroup;
			children = (
				5A72B8BE290FD3AE00206EBC /* Intro.swift */,
				5A72B8C4290FDBD300206EBC /* IntroSignUp.swift */,
				5AD8C87B291E4DD900704A15 /* AddressSearch.swift */,
				5A72B8CA2911014200206EBC /* IntroSignUpAdd.swift */,
				5A72B8C82910FE7F00206EBC /* IntroMain.swift */,
				5A72B8CE29112E5B00206EBC /* IntroLogin.swift */,
				5A873E0B28CE570600ADD147 /* IntroViewModel.swift */,
			);
			path = Intro;
			sourceTree = "<group>";
		};
		5A873E0428CE47AD00ADD147 /* MyView */ = {
			isa = PBXGroup;
			children = (
				5A516AEA28D2F719007B2B2C /* ToggleSexButton */,
				5A873DE628CC877900ADD147 /* TabBar */,
				5A873E0728CE4A5D00ADD147 /* MyFloatingTextFieldStyle.swift */,
				5A516AE828D2BFAC007B2B2C /* NavigationExtension.swift */,
				5A516AED28D2FDA2007B2B2C /* ViewCornerExtension.swift */,
				5A72B8CC2911200E00206EBC /* KeyboardManagement.swift */,
				5A36673228D8B066004198DB /* ViewExtension.swift */,
				5A11966D28DC9FBF003FC967 /* MyToggleButton.swift */,
				5A11966F28E03E85003FC967 /* MyTextInputField.swift */,
				5AD8C879291E3C7000704A15 /* MyPhoneNumberInputField.swift */,
			);
			path = MyView;
			sourceTree = "<group>";
		};
		5AD8C883291EBA4F00704A15 /* UseCase */ = {
			isa = PBXGroup;
			children = (
				5AD8C884291EBA6500704A15 /* IntroUseCase.swift */,
				5AAFDE30292E120500B5C952 /* MainUseCase.swift */,
			);
			path = UseCase;
			sourceTree = "<group>";
		};
/* End PBXGroup section */

/* Begin PBXNativeTarget section */
		5A873DCE28CC842000ADD147 /* Yoram */ = {
			isa = PBXNativeTarget;
			buildConfigurationList = 5A873DDD28CC842300ADD147 /* Build configuration list for PBXNativeTarget "Yoram" */;
			buildPhases = (
				037CB295063341D13D133D43 /* [CP] Check Pods Manifest.lock */,
				5A873DCB28CC842000ADD147 /* Sources */,
				5A873DCC28CC842000ADD147 /* Frameworks */,
				5A873DCD28CC842000ADD147 /* Resources */,
				D05CD890BE07CBD74BB0AFCC /* [CP] Embed Pods Frameworks */,
			);
			buildRules = (
			);
			dependencies = (
			);
			name = Yoram;
			packageProductDependencies = (
				5A72B8BB290FD37000206EBC /* FloatingLabelTextFieldSwiftUI */,
				5A72B8D129114E6F00206EBC /* Alamofire */,
				5A72B8DA291156CC00206EBC /* CombineMoya */,
				5A72B8DC291156CC00206EBC /* Moya */,
				5AD8C877291E37D300704A15 /* iPhoneNumberField */,
			);
			productName = Yoram;
			productReference = 5A873DCF28CC842000ADD147 /* Yoram.app */;
			productType = "com.apple.product-type.application";
		};
/* End PBXNativeTarget section */

/* Begin PBXProject section */
		5A873DC728CC842000ADD147 /* Project object */ = {
			isa = PBXProject;
			attributes = {
				BuildIndependentTargetsInParallel = 1;
				LastSwiftUpdateCheck = 1340;
				LastUpgradeCheck = 1340;
				TargetAttributes = {
					5A873DCE28CC842000ADD147 = {
						CreatedOnToolsVersion = 13.4.1;
					};
				};
			};
			buildConfigurationList = 5A873DCA28CC842000ADD147 /* Build configuration list for PBXProject "Yoram" */;
			compatibilityVersion = "Xcode 13.0";
			developmentRegion = en;
			hasScannedForEncodings = 0;
			knownRegions = (
				en,
				Base,
			);
			mainGroup = 5A873DC628CC842000ADD147;
			packageReferences = (
				5A72B8BA290FD37000206EBC /* XCRemoteSwiftPackageReference "FloatingLabelTextFieldSwiftUI" */,
				5A72B8D029114E6F00206EBC /* XCRemoteSwiftPackageReference "AlamoFire" */,
				5A72B8D9291156CC00206EBC /* XCRemoteSwiftPackageReference "Moya" */,
				5AD8C876291E37D300704A15 /* XCRemoteSwiftPackageReference "iPhoneNumberField" */,
			);
			productRefGroup = 5A873DD028CC842000ADD147 /* Products */;
			projectDirPath = "";
			projectRoot = "";
			targets = (
				5A873DCE28CC842000ADD147 /* Yoram */,
			);
		};
/* End PBXProject section */

/* Begin PBXResourcesBuildPhase section */
		5A873DCD28CC842000ADD147 /* Resources */ = {
			isa = PBXResourcesBuildPhase;
			buildActionMask = 2147483647;
			files = (
				5A873DFB28CE386600ADD147 /* Pretendard-SemiBold.otf in Resources */,
				5A873DF728CE386600ADD147 /* Pretendard-Medium.otf in Resources */,
				5A873DF628CE386600ADD147 /* Pretendard-ExtraLight.otf in Resources */,
				5A873DDA28CC842300ADD147 /* Preview Assets.xcassets in Resources */,
				5A873DF828CE386600ADD147 /* Pretendard-Thin.otf in Resources */,
				5A873DFA28CE386600ADD147 /* Pretendard-Black.otf in Resources */,
				5A873DF928CE386600ADD147 /* Pretendard-Regular.otf in Resources */,
				5A873DF528CE386600ADD147 /* Pretendard-Bold.otf in Resources */,
				5A873DD728CC842300ADD147 /* Assets.xcassets in Resources */,
				5A873DF428CE386600ADD147 /* Pretendard-ExtraBold.otf in Resources */,
				5A873DF328CE386600ADD147 /* Pretendard-Light.otf in Resources */,
			);
			runOnlyForDeploymentPostprocessing = 0;
		};
/* End PBXResourcesBuildPhase section */

/* Begin PBXShellScriptBuildPhase section */
		037CB295063341D13D133D43 /* [CP] Check Pods Manifest.lock */ = {
			isa = PBXShellScriptBuildPhase;
			buildActionMask = 2147483647;
			files = (
			);
			inputFileListPaths = (
			);
			inputPaths = (
				"${PODS_PODFILE_DIR_PATH}/Podfile.lock",
				"${PODS_ROOT}/Manifest.lock",
			);
			name = "[CP] Check Pods Manifest.lock";
			outputFileListPaths = (
			);
			outputPaths = (
				"$(DERIVED_FILE_DIR)/Pods-Yoram-checkManifestLockResult.txt",
			);
			runOnlyForDeploymentPostprocessing = 0;
			shellPath = /bin/sh;
			shellScript = "diff \"${PODS_PODFILE_DIR_PATH}/Podfile.lock\" \"${PODS_ROOT}/Manifest.lock\" > /dev/null\nif [ $? != 0 ] ; then\n    # print error to STDERR\n    echo \"error: The sandbox is not in sync with the Podfile.lock. Run 'pod install' or update your CocoaPods installation.\" >&2\n    exit 1\nfi\n# This output is used by Xcode 'outputs' to avoid re-running this script phase.\necho \"SUCCESS\" > \"${SCRIPT_OUTPUT_FILE_0}\"\n";
			showEnvVarsInLog = 0;
		};
		D05CD890BE07CBD74BB0AFCC /* [CP] Embed Pods Frameworks */ = {
			isa = PBXShellScriptBuildPhase;
			buildActionMask = 2147483647;
			files = (
			);
			inputFileListPaths = (
				"${PODS_ROOT}/Target Support Files/Pods-Yoram/Pods-Yoram-frameworks-${CONFIGURATION}-input-files.xcfilelist",
			);
			name = "[CP] Embed Pods Frameworks";
			outputFileListPaths = (
				"${PODS_ROOT}/Target Support Files/Pods-Yoram/Pods-Yoram-frameworks-${CONFIGURATION}-output-files.xcfilelist",
			);
			runOnlyForDeploymentPostprocessing = 0;
			shellPath = /bin/sh;
			shellScript = "\"${PODS_ROOT}/Target Support Files/Pods-Yoram/Pods-Yoram-frameworks.sh\"\n";
			showEnvVarsInLog = 0;
		};
/* End PBXShellScriptBuildPhase section */

/* Begin PBXSourcesBuildPhase section */
		5A873DCB28CC842000ADD147 /* Sources */ = {
			isa = PBXSourcesBuildPhase;
			buildActionMask = 2147483647;
			files = (
				5AAFDE2D292E102D00B5C952 /* MainViewModel.swift in Sources */,
				5A72B8EB2911632600206EBC /* UserRepository.swift in Sources */,
				5A516AEE28D2FDA2007B2B2C /* ViewCornerExtension.swift in Sources */,
				5A72B8C92910FE7F00206EBC /* IntroMain.swift in Sources */,
				5A72B8CF29112E5B00206EBC /* IntroLogin.swift in Sources */,
				5A72B8E12911580D00206EBC /* LoginCheck.swift in Sources */,
				5A72B8CD2911200E00206EBC /* KeyboardManagement.swift in Sources */,
				5AD8C87E291E56F600704A15 /* Address.swift in Sources */,
				5A72B8E629115BAB00206EBC /* Const.swift in Sources */,
				5AD8C87C291E4DD900704A15 /* AddressSearch.swift in Sources */,
				5AD8C880291E57D900704A15 /* ServerAPI.swift in Sources */,
				5A516AEC28D2F733007B2B2C /* ToggleSexButton.swift in Sources */,
				5A11966E28DC9FBF003FC967 /* MyToggleButton.swift in Sources */,
				5A873E0828CE4A5D00ADD147 /* MyFloatingTextFieldStyle.swift in Sources */,
				5A72B8D529114F5300206EBC /* NewUser.swift in Sources */,
				5AD8C887291ED57300704A15 /* APIRequest.swift in Sources */,
				5A516AE928D2BFAC007B2B2C /* NavigationExtension.swift in Sources */,
				5A72B8CB2911014200206EBC /* IntroSignUpAdd.swift in Sources */,
				5AD8C885291EBA6500704A15 /* IntroUseCase.swift in Sources */,
				5A873DD528CC842000ADD147 /* ContentView.swift in Sources */,
				5A36673328D8B066004198DB /* ViewExtension.swift in Sources */,
				5AAFDE2F292E112100B5C952 /* MyLoginData.swift in Sources */,
				5AAFDE37292E19D400B5C952 /* Board.swift in Sources */,
				5A72B8C5290FDBD300206EBC /* IntroSignUp.swift in Sources */,
				5AAFDE31292E120500B5C952 /* MainUseCase.swift in Sources */,
				5A72B8E829115BBB00206EBC /* URL.swift in Sources */,
				5AAFDE2B292E101C00B5C952 /* Main.swift in Sources */,
				5AAFDE35292E19CD00B5C952 /* ID.swift in Sources */,
				5A873DE528CC86BE00ADD147 /* Home.swift in Sources */,
				5A873DE828CC879400ADD147 /* TabBarView.swift in Sources */,
				5A72B8BF290FD3AE00206EBC /* Intro.swift in Sources */,
				5A72B8E329115A8F00206EBC /* APIError.swift in Sources */,
				5A873E0C28CE570600ADD147 /* IntroViewModel.swift in Sources */,
				5A873DD328CC842000ADD147 /* YoramApp.swift in Sources */,
				5A11967028E03E85003FC967 /* MyTextInputField.swift in Sources */,
				5A72B8DF291157B800206EBC /* UserAPI.swift in Sources */,
				5AD8C882291E5A5200704A15 /* ServerRepository.swift in Sources */,
				5AD8C87A291E3C7000704A15 /* MyPhoneNumberInputField.swift in Sources */,
				5A3CA818291F8ABF0026DE2E /* User.swift in Sources */,
				5AAFDE39292E19DC00B5C952 /* My.swift in Sources */,
				5AAFDE33292E19C400B5C952 /* Department.swift in Sources */,
			);
			runOnlyForDeploymentPostprocessing = 0;
		};
/* End PBXSourcesBuildPhase section */

/* Begin XCBuildConfiguration section */
		5A873DDB28CC842300ADD147 /* Debug */ = {
			isa = XCBuildConfiguration;
			buildSettings = {
				ALWAYS_SEARCH_USER_PATHS = NO;
				CLANG_ANALYZER_NONNULL = YES;
				CLANG_ANALYZER_NUMBER_OBJECT_CONVERSION = YES_AGGRESSIVE;
				CLANG_CXX_LANGUAGE_STANDARD = "gnu++17";
				CLANG_ENABLE_MODULES = YES;
				CLANG_ENABLE_OBJC_ARC = YES;
				CLANG_ENABLE_OBJC_WEAK = YES;
				CLANG_WARN_BLOCK_CAPTURE_AUTORELEASING = YES;
				CLANG_WARN_BOOL_CONVERSION = YES;
				CLANG_WARN_COMMA = YES;
				CLANG_WARN_CONSTANT_CONVERSION = YES;
				CLANG_WARN_DEPRECATED_OBJC_IMPLEMENTATIONS = YES;
				CLANG_WARN_DIRECT_OBJC_ISA_USAGE = YES_ERROR;
				CLANG_WARN_DOCUMENTATION_COMMENTS = YES;
				CLANG_WARN_EMPTY_BODY = YES;
				CLANG_WARN_ENUM_CONVERSION = YES;
				CLANG_WARN_INFINITE_RECURSION = YES;
				CLANG_WARN_INT_CONVERSION = YES;
				CLANG_WARN_NON_LITERAL_NULL_CONVERSION = YES;
				CLANG_WARN_OBJC_IMPLICIT_RETAIN_SELF = YES;
				CLANG_WARN_OBJC_LITERAL_CONVERSION = YES;
				CLANG_WARN_OBJC_ROOT_CLASS = YES_ERROR;
				CLANG_WARN_QUOTED_INCLUDE_IN_FRAMEWORK_HEADER = YES;
				CLANG_WARN_RANGE_LOOP_ANALYSIS = YES;
				CLANG_WARN_STRICT_PROTOTYPES = YES;
				CLANG_WARN_SUSPICIOUS_MOVE = YES;
				CLANG_WARN_UNGUARDED_AVAILABILITY = YES_AGGRESSIVE;
				CLANG_WARN_UNREACHABLE_CODE = YES;
				CLANG_WARN__DUPLICATE_METHOD_MATCH = YES;
				COPY_PHASE_STRIP = NO;
				DEBUG_INFORMATION_FORMAT = dwarf;
				ENABLE_STRICT_OBJC_MSGSEND = YES;
				ENABLE_TESTABILITY = YES;
				GCC_C_LANGUAGE_STANDARD = gnu11;
				GCC_DYNAMIC_NO_PIC = NO;
				GCC_NO_COMMON_BLOCKS = YES;
				GCC_OPTIMIZATION_LEVEL = 0;
				GCC_PREPROCESSOR_DEFINITIONS = (
					"DEBUG=1",
					"$(inherited)",
				);
				GCC_WARN_64_TO_32_BIT_CONVERSION = YES;
				GCC_WARN_ABOUT_RETURN_TYPE = YES_ERROR;
				GCC_WARN_UNDECLARED_SELECTOR = YES;
				GCC_WARN_UNINITIALIZED_AUTOS = YES_AGGRESSIVE;
				GCC_WARN_UNUSED_FUNCTION = YES;
				GCC_WARN_UNUSED_VARIABLE = YES;
				IPHONEOS_DEPLOYMENT_TARGET = 16.0;
				MTL_ENABLE_DEBUG_INFO = INCLUDE_SOURCE;
				MTL_FAST_MATH = YES;
				ONLY_ACTIVE_ARCH = YES;
				SDKROOT = iphoneos;
				SWIFT_ACTIVE_COMPILATION_CONDITIONS = DEBUG;
				SWIFT_OPTIMIZATION_LEVEL = "-Onone";
			};
			name = Debug;
		};
		5A873DDC28CC842300ADD147 /* Release */ = {
			isa = XCBuildConfiguration;
			buildSettings = {
				ALWAYS_SEARCH_USER_PATHS = NO;
				CLANG_ANALYZER_NONNULL = YES;
				CLANG_ANALYZER_NUMBER_OBJECT_CONVERSION = YES_AGGRESSIVE;
				CLANG_CXX_LANGUAGE_STANDARD = "gnu++17";
				CLANG_ENABLE_MODULES = YES;
				CLANG_ENABLE_OBJC_ARC = YES;
				CLANG_ENABLE_OBJC_WEAK = YES;
				CLANG_WARN_BLOCK_CAPTURE_AUTORELEASING = YES;
				CLANG_WARN_BOOL_CONVERSION = YES;
				CLANG_WARN_COMMA = YES;
				CLANG_WARN_CONSTANT_CONVERSION = YES;
				CLANG_WARN_DEPRECATED_OBJC_IMPLEMENTATIONS = YES;
				CLANG_WARN_DIRECT_OBJC_ISA_USAGE = YES_ERROR;
				CLANG_WARN_DOCUMENTATION_COMMENTS = YES;
				CLANG_WARN_EMPTY_BODY = YES;
				CLANG_WARN_ENUM_CONVERSION = YES;
				CLANG_WARN_INFINITE_RECURSION = YES;
				CLANG_WARN_INT_CONVERSION = YES;
				CLANG_WARN_NON_LITERAL_NULL_CONVERSION = YES;
				CLANG_WARN_OBJC_IMPLICIT_RETAIN_SELF = YES;
				CLANG_WARN_OBJC_LITERAL_CONVERSION = YES;
				CLANG_WARN_OBJC_ROOT_CLASS = YES_ERROR;
				CLANG_WARN_QUOTED_INCLUDE_IN_FRAMEWORK_HEADER = YES;
				CLANG_WARN_RANGE_LOOP_ANALYSIS = YES;
				CLANG_WARN_STRICT_PROTOTYPES = YES;
				CLANG_WARN_SUSPICIOUS_MOVE = YES;
				CLANG_WARN_UNGUARDED_AVAILABILITY = YES_AGGRESSIVE;
				CLANG_WARN_UNREACHABLE_CODE = YES;
				CLANG_WARN__DUPLICATE_METHOD_MATCH = YES;
				COPY_PHASE_STRIP = NO;
				DEBUG_INFORMATION_FORMAT = "dwarf-with-dsym";
				ENABLE_NS_ASSERTIONS = NO;
				ENABLE_STRICT_OBJC_MSGSEND = YES;
				GCC_C_LANGUAGE_STANDARD = gnu11;
				GCC_NO_COMMON_BLOCKS = YES;
				GCC_WARN_64_TO_32_BIT_CONVERSION = YES;
				GCC_WARN_ABOUT_RETURN_TYPE = YES_ERROR;
				GCC_WARN_UNDECLARED_SELECTOR = YES;
				GCC_WARN_UNINITIALIZED_AUTOS = YES_AGGRESSIVE;
				GCC_WARN_UNUSED_FUNCTION = YES;
				GCC_WARN_UNUSED_VARIABLE = YES;
				IPHONEOS_DEPLOYMENT_TARGET = 16.0;
				MTL_ENABLE_DEBUG_INFO = NO;
				MTL_FAST_MATH = YES;
				SDKROOT = iphoneos;
				SWIFT_COMPILATION_MODE = wholemodule;
				SWIFT_OPTIMIZATION_LEVEL = "-O";
				VALIDATE_PRODUCT = YES;
			};
			name = Release;
		};
		5A873DDE28CC842300ADD147 /* Debug */ = {
			isa = XCBuildConfiguration;
			baseConfigurationReference = 3C319D9F113EAFBB5CEB0541 /* Pods-Yoram.debug.xcconfig */;
			buildSettings = {
				ASSETCATALOG_COMPILER_APPICON_NAME = AppIcon;
				ASSETCATALOG_COMPILER_GLOBAL_ACCENT_COLOR_NAME = AccentColor;
				CODE_SIGN_STYLE = Automatic;
				CURRENT_PROJECT_VERSION = 1;
				DEVELOPMENT_ASSET_PATHS = "\"Yoram/Preview Content\"";
				DEVELOPMENT_TEAM = RK4T596U74;
				ENABLE_PREVIEWS = YES;
				GENERATE_INFOPLIST_FILE = YES;
				INFOPLIST_FILE = Yoram/Info.plist;
				INFOPLIST_KEY_UIApplicationSceneManifest_Generation = YES;
				INFOPLIST_KEY_UIApplicationSupportsIndirectInputEvents = YES;
				INFOPLIST_KEY_UILaunchScreen_Generation = YES;
				INFOPLIST_KEY_UISupportedInterfaceOrientations_iPad = "UIInterfaceOrientationPortrait UIInterfaceOrientationPortraitUpsideDown UIInterfaceOrientationLandscapeLeft UIInterfaceOrientationLandscapeRight";
				INFOPLIST_KEY_UISupportedInterfaceOrientations_iPhone = "UIInterfaceOrientationPortrait UIInterfaceOrientationLandscapeLeft UIInterfaceOrientationLandscapeRight";
				IPHONEOS_DEPLOYMENT_TARGET = 16.0;
				LD_RUNPATH_SEARCH_PATHS = (
					"$(inherited)",
					"@executable_path/Frameworks",
				);
				MARKETING_VERSION = 1.0;
				PRODUCT_BUNDLE_IDENTIFIER = devsjk.Guseong.Yoram;
				PRODUCT_NAME = "$(TARGET_NAME)";
				SWIFT_EMIT_LOC_STRINGS = YES;
				SWIFT_VERSION = 5.0;
				TARGETED_DEVICE_FAMILY = "1,2";
			};
			name = Debug;
		};
		5A873DDF28CC842300ADD147 /* Release */ = {
			isa = XCBuildConfiguration;
			baseConfigurationReference = DC913CF68A44D05E812986A3 /* Pods-Yoram.release.xcconfig */;
			buildSettings = {
				ASSETCATALOG_COMPILER_APPICON_NAME = AppIcon;
				ASSETCATALOG_COMPILER_GLOBAL_ACCENT_COLOR_NAME = AccentColor;
				CODE_SIGN_STYLE = Automatic;
				CURRENT_PROJECT_VERSION = 1;
				DEVELOPMENT_ASSET_PATHS = "\"Yoram/Preview Content\"";
				DEVELOPMENT_TEAM = RK4T596U74;
				ENABLE_PREVIEWS = YES;
				GENERATE_INFOPLIST_FILE = YES;
				INFOPLIST_FILE = Yoram/Info.plist;
				INFOPLIST_KEY_UIApplicationSceneManifest_Generation = YES;
				INFOPLIST_KEY_UIApplicationSupportsIndirectInputEvents = YES;
				INFOPLIST_KEY_UILaunchScreen_Generation = YES;
				INFOPLIST_KEY_UISupportedInterfaceOrientations_iPad = "UIInterfaceOrientationPortrait UIInterfaceOrientationPortraitUpsideDown UIInterfaceOrientationLandscapeLeft UIInterfaceOrientationLandscapeRight";
				INFOPLIST_KEY_UISupportedInterfaceOrientations_iPhone = "UIInterfaceOrientationPortrait UIInterfaceOrientationLandscapeLeft UIInterfaceOrientationLandscapeRight";
				IPHONEOS_DEPLOYMENT_TARGET = 16.0;
				LD_RUNPATH_SEARCH_PATHS = (
					"$(inherited)",
					"@executable_path/Frameworks",
				);
				MARKETING_VERSION = 1.0;
				PRODUCT_BUNDLE_IDENTIFIER = devsjk.Guseong.Yoram;
				PRODUCT_NAME = "$(TARGET_NAME)";
				SWIFT_EMIT_LOC_STRINGS = YES;
				SWIFT_VERSION = 5.0;
				TARGETED_DEVICE_FAMILY = "1,2";
			};
			name = Release;
		};
/* End XCBuildConfiguration section */

/* Begin XCConfigurationList section */
		5A873DCA28CC842000ADD147 /* Build configuration list for PBXProject "Yoram" */ = {
			isa = XCConfigurationList;
			buildConfigurations = (
				5A873DDB28CC842300ADD147 /* Debug */,
				5A873DDC28CC842300ADD147 /* Release */,
			);
			defaultConfigurationIsVisible = 0;
			defaultConfigurationName = Debug;
		};
		5A873DDD28CC842300ADD147 /* Build configuration list for PBXNativeTarget "Yoram" */ = {
			isa = XCConfigurationList;
			buildConfigurations = (
				5A873DDE28CC842300ADD147 /* Debug */,
				5A873DDF28CC842300ADD147 /* Release */,
			);
			defaultConfigurationIsVisible = 0;
			defaultConfigurationName = Debug;
		};
/* End XCConfigurationList section */

/* Begin XCRemoteSwiftPackageReference section */
		5A72B8BA290FD37000206EBC /* XCRemoteSwiftPackageReference "FloatingLabelTextFieldSwiftUI" */ = {
			isa = XCRemoteSwiftPackageReference;
			repositoryURL = "https://github.com/kishanraja/FloatingLabelTextFieldSwiftUI";
			requirement = {
				kind = upToNextMajorVersion;
				minimumVersion = 4.0.0;
			};
		};
		5A72B8D029114E6F00206EBC /* XCRemoteSwiftPackageReference "AlamoFire" */ = {
			isa = XCRemoteSwiftPackageReference;
			repositoryURL = "https://github.com/AlamoFire/AlamoFire.git";
			requirement = {
				kind = upToNextMajorVersion;
				minimumVersion = 5.0.0;
			};
		};
		5A72B8D9291156CC00206EBC /* XCRemoteSwiftPackageReference "Moya" */ = {
			isa = XCRemoteSwiftPackageReference;
			repositoryURL = "https://github.com/Moya/Moya.git";
			requirement = {
				branch = master;
				kind = branch;
			};
		};
		5AD8C876291E37D300704A15 /* XCRemoteSwiftPackageReference "iPhoneNumberField" */ = {
			isa = XCRemoteSwiftPackageReference;
			repositoryURL = "https://github.com/MojtabaHs/iPhoneNumberField";
			requirement = {
				kind = upToNextMajorVersion;
				minimumVersion = 0.9.0;
			};
		};
/* End XCRemoteSwiftPackageReference section */

/* Begin XCSwiftPackageProductDependency section */
		5A72B8BB290FD37000206EBC /* FloatingLabelTextFieldSwiftUI */ = {
			isa = XCSwiftPackageProductDependency;
			package = 5A72B8BA290FD37000206EBC /* XCRemoteSwiftPackageReference "FloatingLabelTextFieldSwiftUI" */;
			productName = FloatingLabelTextFieldSwiftUI;
		};
		5A72B8D129114E6F00206EBC /* Alamofire */ = {
			isa = XCSwiftPackageProductDependency;
			package = 5A72B8D029114E6F00206EBC /* XCRemoteSwiftPackageReference "AlamoFire" */;
			productName = Alamofire;
		};
		5A72B8DA291156CC00206EBC /* CombineMoya */ = {
			isa = XCSwiftPackageProductDependency;
			package = 5A72B8D9291156CC00206EBC /* XCRemoteSwiftPackageReference "Moya" */;
			productName = CombineMoya;
		};
		5A72B8DC291156CC00206EBC /* Moya */ = {
			isa = XCSwiftPackageProductDependency;
			package = 5A72B8D9291156CC00206EBC /* XCRemoteSwiftPackageReference "Moya" */;
			productName = Moya;
		};
		5AD8C877291E37D300704A15 /* iPhoneNumberField */ = {
			isa = XCSwiftPackageProductDependency;
			package = 5AD8C876291E37D300704A15 /* XCRemoteSwiftPackageReference "iPhoneNumberField" */;
			productName = iPhoneNumberField;
		};
/* End XCSwiftPackageProductDependency section */
	};
	rootObject = 5A873DC728CC842000ADD147 /* Project object */;
}
